
Microsoft Visual Studio Solution File, Format Version 12.00
Project("{FAE04EC0-301F-11D3-BF4B-00C04F79EFBC}") = "BeachDayFinder.Prediction", "Services\BeachDayFinder.Prediction\BeachDayFinder.Prediction.csproj", "{1D135B20-405E-4045-BAF3-27198B226C5A}"
EndProject
Project("{2150E333-8FDC-42A3-9474-1A3956D46DE8}") = "BuildingBlocks", "BuildingBlocks", "{5524DF48-99CF-4781-9663-6709876F0FF8}"
EndProject
Project("{2150E333-8FDC-42A3-9474-1A3956D46DE8}") = "Services", "Services", "{E949AB39-3B37-4BF9-8EA3-4A37F934FE59}"
EndProject
Project("{FAE04EC0-301F-11D3-BF4B-00C04F79EFBC}") = "BeachDayFinder.Reporting", "Services\BeachDayFinder.Reporting\BeachDayFinder.Reporting.csproj", "{27C0B209-B664-442C-B607-293079CB6F6F}"
EndProject
Project("{2150E333-8FDC-42A3-9474-1A3956D46DE8}") = "Application", "Application", "{52C0C003-209E-4E39-AF1E-541FEAB624BC}"
EndProject
Project("{2150E333-8FDC-42A3-9474-1A3956D46DE8}") = "Domain", "Domain", "{EF0E9F83-DBC2-4F6D-984D-86A33E150596}"
EndProject
Project("{2150E333-8FDC-42A3-9474-1A3956D46DE8}") = "Messaging", "Messaging", "{406A3F2B-E6D2-41AC-878D-DFB0B8DA5AF9}"
EndProject
Project("{2150E333-8FDC-42A3-9474-1A3956D46DE8}") = "Persistence", "Persistence", "{4D4F3D74-E0BC-406B-9263-3A1ADA079DEE}"
EndProject
Project("{FAE04EC0-301F-11D3-BF4B-00C04F79EFBC}") = "BeachDayFinder.BuildingBlocks.Api.Abstractions", "BuildingBlocks\Application\BeachDayFinder.BuildingBlocks.Api.Abstractions\BeachDayFinder.BuildingBlocks.Api.Abstractions.csproj", "{53EDFAD1-2D57-4B42-8255-6B979C053BC9}"
EndProject
Project("{FAE04EC0-301F-11D3-BF4B-00C04F79EFBC}") = "BeachDayFinder.BuildingBlocks.Application", "BuildingBlocks\Application\BeachDayFinder.BuildingBlocks.Application\BeachDayFinder.BuildingBlocks.Application.csproj", "{47B23416-B2EC-4C7B-84E0-B275EC2FD242}"
EndProject
Project("{FAE04EC0-301F-11D3-BF4B-00C04F79EFBC}") = "BeachDayFinder.BuildingBlocks.Domain", "BuildingBlocks\Domain\BeachDayFinder.BuildingBlocks.Domain\BeachDayFinder.BuildingBlocks.Domain.csproj", "{44A18C64-9940-4271-817C-083E698D2121}"
EndProject
Project("{FAE04EC0-301F-11D3-BF4B-00C04F79EFBC}") = "BeachDayFinder.BuildingBlocks.Messaging", "BuildingBlocks\Messaging\BeachDayFinder.BuildingBlocks.Messaging\BeachDayFinder.BuildingBlocks.Messaging.csproj", "{C9B1953B-F8E8-4D92-AEEA-C363540B691E}"
EndProject
Project("{FAE04EC0-301F-11D3-BF4B-00C04F79EFBC}") = "BeachDayFinder.BuildingBlocks.Persistence", "BuildingBlocks\Persistence\BeachDayFinder.BuildingBlocks.Persistence\BeachDayFinder.BuildingBlocks.Persistence.csproj", "{24C23ECE-097D-4347-8A59-481E6CFC1300}"
EndProject
Project("{FAE04EC0-301F-11D3-BF4B-00C04F79EFBC}") = "BeachDayFinder.BuildingBlocks.Persistence.Mongo", "BuildingBlocks\Persistence\BeachDayFinder.BuildingBlocks.Persistence.Mongo\BeachDayFinder.BuildingBlocks.Persistence.Mongo.csproj", "{5CB9F9FA-FDEE-43EF-90CC-F6EBD7B05ED0}"
EndProject
Global
	GlobalSection(SolutionConfigurationPlatforms) = preSolution
		Debug|Any CPU = Debug|Any CPU
		Release|Any CPU = Release|Any CPU
	EndGlobalSection
	GlobalSection(ProjectConfigurationPlatforms) = postSolution
		{1D135B20-405E-4045-BAF3-27198B226C5A}.Debug|Any CPU.ActiveCfg = Debug|Any CPU
		{1D135B20-405E-4045-BAF3-27198B226C5A}.Debug|Any CPU.Build.0 = Debug|Any CPU
		{1D135B20-405E-4045-BAF3-27198B226C5A}.Release|Any CPU.ActiveCfg = Release|Any CPU
		{1D135B20-405E-4045-BAF3-27198B226C5A}.Release|Any CPU.Build.0 = Release|Any CPU
		{27C0B209-B664-442C-B607-293079CB6F6F}.Debug|Any CPU.ActiveCfg = Debug|Any CPU
		{27C0B209-B664-442C-B607-293079CB6F6F}.Debug|Any CPU.Build.0 = Debug|Any CPU
		{27C0B209-B664-442C-B607-293079CB6F6F}.Release|Any CPU.ActiveCfg = Release|Any CPU
		{27C0B209-B664-442C-B607-293079CB6F6F}.Release|Any CPU.Build.0 = Release|Any CPU
		{53EDFAD1-2D57-4B42-8255-6B979C053BC9}.Debug|Any CPU.ActiveCfg = Debug|Any CPU
		{53EDFAD1-2D57-4B42-8255-6B979C053BC9}.Debug|Any CPU.Build.0 = Debug|Any CPU
		{53EDFAD1-2D57-4B42-8255-6B979C053BC9}.Release|Any CPU.ActiveCfg = Release|Any CPU
		{53EDFAD1-2D57-4B42-8255-6B979C053BC9}.Release|Any CPU.Build.0 = Release|Any CPU
		{47B23416-B2EC-4C7B-84E0-B275EC2FD242}.Debug|Any CPU.ActiveCfg = Debug|Any CPU
		{47B23416-B2EC-4C7B-84E0-B275EC2FD242}.Debug|Any CPU.Build.0 = Debug|Any CPU
		{47B23416-B2EC-4C7B-84E0-B275EC2FD242}.Release|Any CPU.ActiveCfg = Release|Any CPU
		{47B23416-B2EC-4C7B-84E0-B275EC2FD242}.Release|Any CPU.Build.0 = Release|Any CPU
		{44A18C64-9940-4271-817C-083E698D2121}.Debug|Any CPU.ActiveCfg = Debug|Any CPU
		{44A18C64-9940-4271-817C-083E698D2121}.Debug|Any CPU.Build.0 = Debug|Any CPU
		{44A18C64-9940-4271-817C-083E698D2121}.Release|Any CPU.ActiveCfg = Release|Any CPU
		{44A18C64-9940-4271-817C-083E698D2121}.Release|Any CPU.Build.0 = Release|Any CPU
		{C9B1953B-F8E8-4D92-AEEA-C363540B691E}.Debug|Any CPU.ActiveCfg = Debug|Any CPU
		{C9B1953B-F8E8-4D92-AEEA-C363540B691E}.Debug|Any CPU.Build.0 = Debug|Any CPU
		{C9B1953B-F8E8-4D92-AEEA-C363540B691E}.Release|Any CPU.ActiveCfg = Release|Any CPU
		{C9B1953B-F8E8-4D92-AEEA-C363540B691E}.Release|Any CPU.Build.0 = Release|Any CPU
		{24C23ECE-097D-4347-8A59-481E6CFC1300}.Debug|Any CPU.ActiveCfg = Debug|Any CPU
		{24C23ECE-097D-4347-8A59-481E6CFC1300}.Debug|Any CPU.Build.0 = Debug|Any CPU
		{24C23ECE-097D-4347-8A59-481E6CFC1300}.Release|Any CPU.ActiveCfg = Release|Any CPU
		{24C23ECE-097D-4347-8A59-481E6CFC1300}.Release|Any CPU.Build.0 = Release|Any CPU
		{5CB9F9FA-FDEE-43EF-90CC-F6EBD7B05ED0}.Debug|Any CPU.ActiveCfg = Debug|Any CPU
		{5CB9F9FA-FDEE-43EF-90CC-F6EBD7B05ED0}.Debug|Any CPU.Build.0 = Debug|Any CPU
		{5CB9F9FA-FDEE-43EF-90CC-F6EBD7B05ED0}.Release|Any CPU.ActiveCfg = Release|Any CPU
		{5CB9F9FA-FDEE-43EF-90CC-F6EBD7B05ED0}.Release|Any CPU.Build.0 = Release|Any CPU
	EndGlobalSection
	GlobalSection(NestedProjects) = preSolution
		{1D135B20-405E-4045-BAF3-27198B226C5A} = {E949AB39-3B37-4BF9-8EA3-4A37F934FE59}
		{27C0B209-B664-442C-B607-293079CB6F6F} = {E949AB39-3B37-4BF9-8EA3-4A37F934FE59}
		{52C0C003-209E-4E39-AF1E-541FEAB624BC} = {5524DF48-99CF-4781-9663-6709876F0FF8}
		{EF0E9F83-DBC2-4F6D-984D-86A33E150596} = {5524DF48-99CF-4781-9663-6709876F0FF8}
		{406A3F2B-E6D2-41AC-878D-DFB0B8DA5AF9} = {5524DF48-99CF-4781-9663-6709876F0FF8}
		{4D4F3D74-E0BC-406B-9263-3A1ADA079DEE} = {5524DF48-99CF-4781-9663-6709876F0FF8}
		{53EDFAD1-2D57-4B42-8255-6B979C053BC9} = {52C0C003-209E-4E39-AF1E-541FEAB624BC}
		{47B23416-B2EC-4C7B-84E0-B275EC2FD242} = {52C0C003-209E-4E39-AF1E-541FEAB624BC}
		{44A18C64-9940-4271-817C-083E698D2121} = {EF0E9F83-DBC2-4F6D-984D-86A33E150596}
		{C9B1953B-F8E8-4D92-AEEA-C363540B691E} = {406A3F2B-E6D2-41AC-878D-DFB0B8DA5AF9}
		{24C23ECE-097D-4347-8A59-481E6CFC1300} = {4D4F3D74-E0BC-406B-9263-3A1ADA079DEE}
		{5CB9F9FA-FDEE-43EF-90CC-F6EBD7B05ED0} = {4D4F3D74-E0BC-406B-9263-3A1ADA079DEE}
	EndGlobalSection
EndGlobal
